// !$*UTF8*$!
{
	archiveVersion = 1;
	classes = {
	};
	objectVersion = 46;
	objects = {

/* Begin PBXBuildFile section */
		C9D7D9F819F58F4400C1FD20 /* main.m in Sources */ = {isa = PBXBuildFile; fileRef = C9D7D9F719F58F4400C1FD20 /* main.m */; };
		C9D7D9FB19F58F4400C1FD20 /* AppDelegate.m in Sources */ = {isa = PBXBuildFile; fileRef = C9D7D9FA19F58F4400C1FD20 /* AppDelegate.m */; };
		C9D7D9FE19F58F4400C1FD20 /* ViewController.m in Sources */ = {isa = PBXBuildFile; fileRef = C9D7D9FD19F58F4400C1FD20 /* ViewController.m */; };
		C9D7DA0119F58F4400C1FD20 /* Main.storyboard in Resources */ = {isa = PBXBuildFile; fileRef = C9D7D9FF19F58F4400C1FD20 /* Main.storyboard */; };
		C9D7DA0319F58F4500C1FD20 /* Images.xcassets in Resources */ = {isa = PBXBuildFile; fileRef = C9D7DA0219F58F4500C1FD20 /* Images.xcassets */; };
		C9D7DA0619F58F4500C1FD20 /* LaunchScreen.xib in Resources */ = {isa = PBXBuildFile; fileRef = C9D7DA0419F58F4500C1FD20 /* LaunchScreen.xib */; };
		C9D7DA1219F58F4500C1FD20 /* CocoapodsLinkerIssueTests.m in Sources */ = {isa = PBXBuildFile; fileRef = C9D7DA1119F58F4500C1FD20 /* CocoapodsLinkerIssueTests.m */; };
/* End PBXBuildFile section */

/* Begin PBXContainerItemProxy section */
		C9D7DA0C19F58F4500C1FD20 /* PBXContainerItemProxy */ = {
			isa = PBXContainerItemProxy;
			containerPortal = C9D7D9EA19F58F4400C1FD20 /* Project object */;
			proxyType = 1;
			remoteGlobalIDString = C9D7D9F119F58F4400C1FD20;
			remoteInfo = CocoapodsLinkerIssue;
		};
/* End PBXContainerItemProxy section */

/* Begin PBXFileReference section */
		C9D7D9F219F58F4400C1FD20 /* CocoapodsLinkerIssue.app */ = {isa = PBXFileReference; explicitFileType = wrapper.application; includeInIndex = 0; path = CocoapodsLinkerIssue.app; sourceTree = BUILT_PRODUCTS_DIR; };
		C9D7D9F619F58F4400C1FD20 /* Info.plist */ = {isa = PBXFileReference; lastKnownFileType = text.plist.xml; path = Info.plist; sourceTree = "<group>"; };
		C9D7D9F719F58F4400C1FD20 /* main.m */ = {isa = PBXFileReference; lastKnownFileType = sourcecode.c.objc; path = main.m; sourceTree = "<group>"; };
		C9D7D9F919F58F4400C1FD20 /* AppDelegate.h */ = {isa = PBXFileReference; lastKnownFileType = sourcecode.c.h; path = AppDelegate.h; sourceTree = "<group>"; };
		C9D7D9FA19F58F4400C1FD20 /* AppDelegate.m */ = {isa = PBXFileReference; lastKnownFileType = sourcecode.c.objc; path = AppDelegate.m; sourceTree = "<group>"; };
		C9D7D9FC19F58F4400C1FD20 /* ViewController.h */ = {isa = PBXFileReference; lastKnownFileType = sourcecode.c.h; path = ViewController.h; sourceTree = "<group>"; };
		C9D7D9FD19F58F4400C1FD20 /* ViewController.m */ = {isa = PBXFileReference; lastKnownFileType = sourcecode.c.objc; path = ViewController.m; sourceTree = "<group>"; };
		C9D7DA0019F58F4400C1FD20 /* Base */ = {isa = PBXFileReference; lastKnownFileType = file.storyboard; name = Base; path = Base.lproj/Main.storyboard; sourceTree = "<group>"; };
		C9D7DA0219F58F4500C1FD20 /* Images.xcassets */ = {isa = PBXFileReference; lastKnownFileType = folder.assetcatalog; path = Images.xcassets; sourceTree = "<group>"; };
		C9D7DA0519F58F4500C1FD20 /* Base */ = {isa = PBXFileReference; lastKnownFileType = file.xib; name = Base; path = Base.lproj/LaunchScreen.xib; sourceTree = "<group>"; };
		C9D7DA0B19F58F4500C1FD20 /* CocoapodsLinkerIssueTests.xctest */ = {isa = PBXFileReference; explicitFileType = wrapper.cfbundle; includeInIndex = 0; path = CocoapodsLinkerIssueTests.xctest; sourceTree = BUILT_PRODUCTS_DIR; };
		C9D7DA1019F58F4500C1FD20 /* Info.plist */ = {isa = PBXFileReference; lastKnownFileType = text.plist.xml; path = Info.plist; sourceTree = "<group>"; };
		C9D7DA1119F58F4500C1FD20 /* CocoapodsLinkerIssueTests.m */ = {isa = PBXFileReference; lastKnownFileType = sourcecode.c.objc; path = CocoapodsLinkerIssueTests.m; sourceTree = "<group>"; };
/* End PBXFileReference section */

/* Begin PBXFrameworksBuildPhase section */
		C9D7D9EF19F58F4400C1FD20 /* Frameworks */ = {
			isa = PBXFrameworksBuildPhase;
			buildActionMask = 2147483647;
			files = (
			);
			runOnlyForDeploymentPostprocessing = 0;
		};
		C9D7DA0819F58F4500C1FD20 /* Frameworks */ = {
			isa = PBXFrameworksBuildPhase;
			buildActionMask = 2147483647;
			files = (
			);
			runOnlyForDeploymentPostprocessing = 0;
		};
/* End PBXFrameworksBuildPhase section */

/* Begin PBXGroup section */
		C9D7D9E919F58F4400C1FD20 = {
			isa = PBXGroup;
			children = (
				C9D7D9F419F58F4400C1FD20 /* CocoapodsLinkerIssue */,
				C9D7DA0E19F58F4500C1FD20 /* CocoapodsLinkerIssueTests */,
				C9D7D9F319F58F4400C1FD20 /* Products */,
			);
			sourceTree = "<group>";
		};
		C9D7D9F319F58F4400C1FD20 /* Products */ = {
			isa = PBXGroup;
			children = (
				C9D7D9F219F58F4400C1FD20 /* CocoapodsLinkerIssue.app */,
				C9D7DA0B19F58F4500C1FD20 /* CocoapodsLinkerIssueTests.xctest */,
			);
			name = Products;
			sourceTree = "<group>";
		};
		C9D7D9F419F58F4400C1FD20 /* CocoapodsLinkerIssue */ = {
			isa = PBXGroup;
			children = (
				C9D7D9F919F58F4400C1FD20 /* AppDelegate.h */,
				C9D7D9FA19F58F4400C1FD20 /* AppDelegate.m */,
				C9D7D9FC19F58F4400C1FD20 /* ViewController.h */,
				C9D7D9FD19F58F4400C1FD20 /* ViewController.m */,
				C9D7D9FF19F58F4400C1FD20 /* Main.storyboard */,
				C9D7DA0219F58F4500C1FD20 /* Images.xcassets */,
				C9D7DA0419F58F4500C1FD20 /* LaunchScreen.xib */,
				C9D7D9F519F58F4400C1FD20 /* Supporting Files */,
			);
			path = CocoapodsLinkerIssue;
			sourceTree = "<group>";
		};
		C9D7D9F519F58F4400C1FD20 /* Supporting Files */ = {
			isa = PBXGroup;
			children = (
				C9D7D9F619F58F4400C1FD20 /* Info.plist */,
				C9D7D9F719F58F4400C1FD20 /* main.m */,
			);
			name = "Supporting Files";
			sourceTree = "<group>";
		};
		C9D7DA0E19F58F4500C1FD20 /* CocoapodsLinkerIssueTests */ = {
			isa = PBXGroup;
			children = (
				C9D7DA1119F58F4500C1FD20 /* CocoapodsLinkerIssueTests.m */,
				C9D7DA0F19F58F4500C1FD20 /* Supporting Files */,
			);
			path = CocoapodsLinkerIssueTests;
			sourceTree = "<group>";
		};
		C9D7DA0F19F58F4500C1FD20 /* Supporting Files */ = {
			isa = PBXGroup;
			children = (
				C9D7DA1019F58F4500C1FD20 /* Info.plist */,
			);
			name = "Supporting Files";
			sourceTree = "<group>";
		};
/* End PBXGroup section */

/* Begin PBXNativeTarget section */
		C9D7D9F119F58F4400C1FD20 /* CocoapodsLinkerIssue */ = {
			isa = PBXNativeTarget;
			buildConfigurationList = C9D7DA1519F58F4500C1FD20 /* Build configuration list for PBXNativeTarget "CocoapodsLinkerIssue" */;
			buildPhases = (
				C9D7D9EE19F58F4400C1FD20 /* Sources */,
				C9D7D9EF19F58F4400C1FD20 /* Frameworks */,
				C9D7D9F019F58F4400C1FD20 /* Resources */,
			);
			buildRules = (
			);
			dependencies = (
			);
			name = CocoapodsLinkerIssue;
			productName = CocoapodsLinkerIssue;
			productReference = C9D7D9F219F58F4400C1FD20 /* CocoapodsLinkerIssue.app */;
			productType = "com.apple.product-type.application";
		};
		C9D7DA0A19F58F4500C1FD20 /* CocoapodsLinkerIssueTests */ = {
			isa = PBXNativeTarget;
			buildConfigurationList = C9D7DA1819F58F4500C1FD20 /* Build configuration list for PBXNativeTarget "CocoapodsLinkerIssueTests" */;
			buildPhases = (
				C9D7DA0719F58F4500C1FD20 /* Sources */,
				C9D7DA0819F58F4500C1FD20 /* Frameworks */,
				C9D7DA0919F58F4500C1FD20 /* Resources */,
			);
			buildRules = (
			);
			dependencies = (
				C9D7DA0D19F58F4500C1FD20 /* PBXTargetDependency */,
			);
			name = CocoapodsLinkerIssueTests;
			productName = CocoapodsLinkerIssueTests;
			productReference = C9D7DA0B19F58F4500C1FD20 /* CocoapodsLinkerIssueTests.xctest */;
			productType = "com.apple.product-type.bundle.unit-test";
		};
/* End PBXNativeTarget section */

/* Begin PBXProject section */
		C9D7D9EA19F58F4400C1FD20 /* Project object */ = {
			isa = PBXProject;
			attributes = {
				LastUpgradeCheck = 0600;
				ORGANIZATIONNAME = "Matt Rubin";
				TargetAttributes = {
					C9D7D9F119F58F4400C1FD20 = {
						CreatedOnToolsVersion = 6.0.1;
					};
					C9D7DA0A19F58F4500C1FD20 = {
						CreatedOnToolsVersion = 6.0.1;
						TestTargetID = C9D7D9F119F58F4400C1FD20;
					};
				};
			};
			buildConfigurationList = C9D7D9ED19F58F4400C1FD20 /* Build configuration list for PBXProject "CocoapodsLinkerIssue" */;
			compatibilityVersion = "Xcode 3.2";
			developmentRegion = English;
			hasScannedForEncodings = 0;
			knownRegions = (
				en,
				Base,
			);
			mainGroup = C9D7D9E919F58F4400C1FD20;
			productRefGroup = C9D7D9F319F58F4400C1FD20 /* Products */;
			projectDirPath = "";
			projectRoot = "";
			targets = (
				C9D7D9F119F58F4400C1FD20 /* CocoapodsLinkerIssue */,
				C9D7DA0A19F58F4500C1FD20 /* CocoapodsLinkerIssueTests */,
			);
		};
/* End PBXProject section */

/* Begin PBXResourcesBuildPhase section */
		C9D7D9F019F58F4400C1FD20 /* Resources */ = {
			isa = PBXResourcesBuildPhase;
			buildActionMask = 2147483647;
			files = (
				C9D7DA0119F58F4400C1FD20 /* Main.storyboard in Resources */,
				C9D7DA0619F58F4500C1FD20 /* LaunchScreen.xib in Resources */,
				C9D7DA0319F58F4500C1FD20 /* Images.xcassets in Resources */,
			);
			runOnlyForDeploymentPostprocessing = 0;
		};
		C9D7DA0919F58F4500C1FD20 /* Resources */ = {
			isa = PBXResourcesBuildPhase;
			buildActionMask = 2147483647;
			files = (
			);
			runOnlyForDeploymentPostprocessing = 0;
		};
/* End PBXResourcesBuildPhase section */

/* Begin PBXSourcesBuildPhase section */
		C9D7D9EE19F58F4400C1FD20 /* Sources */ = {
			isa = PBXSourcesBuildPhase;
			buildActionMask = 2147483647;
			files = (
				C9D7D9FE19F58F4400C1FD20 /* ViewController.m in Sources */,
				C9D7D9FB19F58F4400C1FD20 /* AppDelegate.m in Sources */,
				C9D7D9F819F58F4400C1FD20 /* main.m in Sources */,
			);
			runOnlyForDeploymentPostprocessing = 0;
		};
		C9D7DA0719F58F4500C1FD20 /* Sources */ = {
			isa = PBXSourcesBuildPhase;
			buildActionMask = 2147483647;
			files = (
				C9D7DA1219F58F4500C1FD20 /* CocoapodsLinkerIssueTests.m in Sources */,
			);
			runOnlyForDeploymentPostprocessing = 0;
		};
/* End PBXSourcesBuildPhase section */

/* Begin PBXTargetDependency section */
		C9D7DA0D19F58F4500C1FD20 /* PBXTargetDependency */ = {
			isa = PBXTargetDependency;
			target = C9D7D9F119F58F4400C1FD20 /* CocoapodsLinkerIssue */;
			targetProxy = C9D7DA0C19F58F4500C1FD20 /* PBXContainerItemProxy */;
		};
/* End PBXTargetDependency section */

/* Begin PBXVariantGroup section */
		C9D7D9FF19F58F4400C1FD20 /* Main.storyboard */ = {
			isa = PBXVariantGroup;
			children = (
				C9D7DA0019F58F4400C1FD20 /* Base */,
			);
			name = Main.storyboard;
			sourceTree = "<group>";
		};
		C9D7DA0419F58F4500C1FD20 /* LaunchScreen.xib */ = {
			isa = PBXVariantGroup;
			children = (
				C9D7DA0519F58F4500C1FD20 /* Base */,
			);
			name = LaunchScreen.xib;
			sourceTree = "<group>";
		};
/* End PBXVariantGroup section */

/* Begin XCBuildConfiguration section */
		C9D7DA1319F58F4500C1FD20 /* Debug */ = {
			isa = XCBuildConfiguration;
			buildSettings = {
				ALWAYS_SEARCH_USER_PATHS = NO;
				CLANG_CXX_LANGUAGE_STANDARD = "gnu++0x";
				CLANG_CXX_LIBRARY = "libc++";
				CLANG_ENABLE_MODULES = YES;
				CLANG_ENABLE_OBJC_ARC = YES;
				CLANG_WARN_BOOL_CONVERSION = YES;
				CLANG_WARN_CONSTANT_CONVERSION = YES;
				CLANG_WARN_DIRECT_OBJC_ISA_USAGE = YES_ERROR;
				CLANG_WARN_EMPTY_BODY = YES;
				CLANG_WARN_ENUM_CONVERSION = YES;
				CLANG_WARN_INT_CONVERSION = YES;
				CLANG_WARN_OBJC_ROOT_CLASS = YES_ERROR;
				CLANG_WARN_UNREACHABLE_CODE = YES;
				CLANG_WARN__DUPLICATE_METHOD_MATCH = YES;
				"CODE_SIGN_IDENTITY[sdk=iphoneos*]" = "iPhone Developer";
				COPY_PHASE_STRIP = NO;
				ENABLE_STRICT_OBJC_MSGSEND = YES;
				GCC_C_LANGUAGE_STANDARD = gnu99;
				GCC_DYNAMIC_NO_PIC = NO;
				GCC_OPTIMIZATION_LEVEL = 0;
				GCC_PREPROCESSOR_DEFINITIONS = (
					"DEBUG=1",
					"$(inherited)",
				);
				GCC_SYMBOLS_PRIVATE_EXTERN = NO;
				GCC_WARN_64_TO_32_BIT_CONVERSION = YES;
				GCC_WARN_ABOUT_RETURN_TYPE = YES_ERROR;
				GCC_WARN_UNDECLARED_SELECTOR = YES;
				GCC_WARN_UNINITIALIZED_AUTOS = YES_AGGRESSIVE;
				GCC_WARN_UNUSED_FUNCTION = YES;
				GCC_WARN_UNUSED_VARIABLE = YES;
				IPHONEOS_DEPLOYMENT_TARGET = 8.0;
				MTL_ENABLE_DEBUG_INFO = YES;
				ONLY_ACTIVE_ARCH = YES;
				SDKROOT = iphoneos;
				TARGETED_DEVICE_FAMILY = "1,2";
			};
			name = Debug;
		};
		C9D7DA1419F58F4500C1FD20 /* Release */ = {
			isa = XCBuildConfiguration;
			buildSettings = {
				ALWAYS_SEARCH_USER_PATHS = NO;
				CLANG_CXX_LANGUAGE_STANDARD = "gnu++0x";
				CLANG_CXX_LIBRARY = "libc++";
				CLANG_ENABLE_MODULES = YES;
				CLANG_ENABLE_OBJC_ARC = YES;
				CLANG_WARN_BOOL_CONVERSION = YES;
				CLANG_WARN_CONSTANT_CONVERSION = YES;
				CLANG_WARN_DIRECT_OBJC_ISA_USAGE = YES_ERROR;
				CLANG_WARN_EMPTY_BODY = YES;
				CLANG_WARN_ENUM_CONVERSION = YES;
				CLANG_WARN_INT_CONVERSION = YES;
				CLANG_WARN_OBJC_ROOT_CLASS = YES_ERROR;
				CLANG_WARN_UNREACHABLE_CODE = YES;
				CLANG_WARN__DUPLICATE_METHOD_MATCH = YES;
				"CODE_SIGN_IDENTITY[sdk=iphoneos*]" = "iPhone Developer";
				COPY_PHASE_STRIP = YES;
				ENABLE_NS_ASSERTIONS = NO;
				ENABLE_STRICT_OBJC_MSGSEND = YES;
				GCC_C_LANGUAGE_STANDARD = gnu99;
				GCC_WARN_64_TO_32_BIT_CONVERSION = YES;
				GCC_WARN_ABOUT_RETURN_TYPE = YES_ERROR;
				GCC_WARN_UNDECLARED_SELECTOR = YES;
				GCC_WARN_UNINITIALIZED_AUTOS = YES_AGGRESSIVE;
				GCC_WARN_UNUSED_FUNCTION = YES;
				GCC_WARN_UNUSED_VARIABLE = YES;
				IPHONEOS_DEPLOYMENT_TARGET = 8.0;
				MTL_ENABLE_DEBUG_INFO = NO;
				SDKROOT = iphoneos;
				TARGETED_DEVICE_FAMILY = "1,2";
				VALIDATE_PRODUCT = YES;
			};
			name = Release;
		};
		C9D7DA1619F58F4500C1FD20 /* Debug */ = {
			isa = XCBuildConfiguration;
			buildSettings = {
				ASSETCATALOG_COMPILER_APPICON_NAME = AppIcon;
				INFOPLIST_FILE = CocoapodsLinkerIssue/Info.plist;
				LD_RUNPATH_SEARCH_PATHS = "$(inherited) @executable_path/Frameworks";
				PRODUCT_NAME = "$(TARGET_NAME)";
			};
			name = Debug;
		};
		C9D7DA1719F58F4500C1FD20 /* Release */ = {
			isa = XCBuildConfiguration;
			buildSettings = {
				ASSETCATALOG_COMPILER_APPICON_NAME = AppIcon;
				INFOPLIST_FILE = CocoapodsLinkerIssue/Info.plist;
				LD_RUNPATH_SEARCH_PATHS = "$(inherited) @executable_path/Frameworks";
				PRODUCT_NAME = "$(TARGET_NAME)";
			};
			name = Release;
		};
		C9D7DA1919F58F4500C1FD20 /* Debug */ = {
			isa = XCBuildConfiguration;
			buildSettings = {
				BUNDLE_LOADER = "$(TEST_HOST)";
				FRAMEWORK_SEARCH_PATHS = (
					"$(SDKROOT)/Developer/Library/Frameworks",
					"$(inherited)",
				);
				GCC_PREPROCESSOR_DEFINITIONS = (
					"DEBUG=1",
					"$(inherited)",
				);
				INFOPLIST_FILE = CocoapodsLinkerIssueTests/Info.plist;
				LD_RUNPATH_SEARCH_PATHS = "$(inherited) @executable_path/Frameworks @loader_path/Frameworks";
				PRODUCT_NAME = "$(TARGET_NAME)";
				TEST_HOST = "$(BUILT_PRODUCTS_DIR)/CocoapodsLinkerIssue.app/CocoapodsLinkerIssue";
			};
			name = Debug;
		};
		C9D7DA1A19F58F4500C1FD20 /* Release */ = {
			isa = XCBuildConfiguration;
			buildSettings = {
				BUNDLE_LOADER = "$(TEST_HOST)";
				FRAMEWORK_SEARCH_PATHS = (
					"$(SDKROOT)/Developer/Library/Frameworks",
					"$(inherited)",
				);
				INFOPLIST_FILE = CocoapodsLinkerIssueTests/Info.plist;
				LD_RUNPATH_SEARCH_PATHS = "$(inherited) @executable_path/Frameworks @loader_path/Frameworks";
				PRODUCT_NAME = "$(TARGET_NAME)";
				TEST_HOST = "$(BUILT_PRODUCTS_DIR)/CocoapodsLinkerIssue.app/CocoapodsLinkerIssue";
			};
			name = Release;
		};
/* End XCBuildConfiguration section */

/* Begin XCConfigurationList section */
		C9D7D9ED19F58F4400C1FD20 /* Build configuration list for PBXProject "CocoapodsLinkerIssue" */ = {
			isa = XCConfigurationList;
			buildConfigurations = (
				C9D7DA1319F58F4500C1FD20 /* Debug */,
				C9D7DA1419F58F4500C1FD20 /* Release */,
			);
			defaultConfigurationIsVisible = 0;
			defaultConfigurationName = Release;
		};
		C9D7DA1519F58F4500C1FD20 /* Build configuration list for PBXNativeTarget "CocoapodsLinkerIssue" */ = {
			isa = XCConfigurationList;
			buildConfigurations = (
				C9D7DA1619F58F4500C1FD20 /* Debug */,
				C9D7DA1719F58F4500C1FD20 /* Release */,
			);
			defaultConfigurationIsVisible = 0;
		};
		C9D7DA1819F58F4500C1FD20 /* Build configuration list for PBXNativeTarget "CocoapodsLinkerIssueTests" */ = {
			isa = XCConfigurationList;
			buildConfigurations = (
				C9D7DA1919F58F4500C1FD20 /* Debug */,
				C9D7DA1A19F58F4500C1FD20 /* Release */,
			);
			defaultConfigurationIsVisible = 0;
		};
/* End XCConfigurationList section */
	};
	rootObject = C9D7D9EA19F58F4400C1FD20 /* Project object */;
}
